{
  "name": "cli",
  "version": "1.0.0",
  "lockfileVersion": 2,
  "requires": true,
  "packages": {
    "": {
      "version": "1.0.0",
      "license": "ISC",
      "dependencies": {
        "gateway": "file:../gateway",
        "usecase": "file:../usecase"
      }
    },
    "../gateway": {
      "version": "1.0.0",
      "license": "ISC"
    },
    "../usecase": {
      "version": "1.0.0",
      "license": "ISC",
      "dependencies": {
        "domain-model": "file:../domain"
      },
      "devDependencies": {
        "tape": "~5.2.2"
      }
    },
    "node_modules/gateway": {
      "resolved": "../gateway",
      "link": true
    },
    "node_modules/usecase": {
      "resolved": "../usecase",
      "link": true
    }
  },
  "dependencies": {
    "gateway": {
      "version": "file:../gateway"
    },
    "usecase": {
      "version": "file:../usecase",
      "requires": {
        "domain-model": "file:../domain",
        "tape": "~5.2.2"
      }
    }
  }
}
