{
  "name": "usecase",
  "version": "1.0.0",
  "lockfileVersion": 2,
  "requires": true,
  "packages": {
    "": {
      "version": "1.0.0",
      "license": "ISC",
      "dependencies": {
        "domain-model": "file:../domain"
      }
    },
    "../domain": {
      "name": "domain-model",
      "version": "1.0.0",
      "license": "ISC"
    },
    "node_modules/domain-model": {
      "resolved": "../domain",
      "link": true
    }
  },
  "dependencies": {
    "domain-model": {
      "version": "file:../domain"
    }
  }
}
